// !$*UTF8*$!
{
	archiveVersion = 1;
	classes = {
	};
	objectVersion = 50;
	objects = {

/* Begin PBXBuildFile section */
		6AEA15122186938D00862F46 /* AppDelegate.swift in Sources */ = {isa = PBXBuildFile; fileRef = 6AEA15112186938D00862F46 /* AppDelegate.swift */; };
		6AEA15142186938D00862F46 /* ViewController.swift in Sources */ = {isa = PBXBuildFile; fileRef = 6AEA15132186938D00862F46 /* ViewController.swift */; };
		6AEA15172186938D00862F46 /* Main.storyboard in Resources */ = {isa = PBXBuildFile; fileRef = 6AEA15152186938D00862F46 /* Main.storyboard */; };
		6AEA15192186938E00862F46 /* Assets.xcassets in Resources */ = {isa = PBXBuildFile; fileRef = 6AEA15182186938E00862F46 /* Assets.xcassets */; };
		6AEA151C2186938E00862F46 /* LaunchScreen.storyboard in Resources */ = {isa = PBXBuildFile; fileRef = 6AEA151A2186938E00862F46 /* LaunchScreen.storyboard */; };
		6AEA15272186938E00862F46 /* AnatomyTests.swift in Sources */ = {isa = PBXBuildFile; fileRef = 6AEA15262186938E00862F46 /* AnatomyTests.swift */; };
		6AEA15322186938E00862F46 /* AnatomyUITests.swift in Sources */ = {isa = PBXBuildFile; fileRef = 6AEA15312186938E00862F46 /* AnatomyUITests.swift */; };
		6AEA15412186940800862F46 /* TypeAlias.swift in Sources */ = {isa = PBXBuildFile; fileRef = 6AEA15402186940800862F46 /* TypeAlias.swift */; };
		6AEA15432186943400862F46 /* Anatomy.swift in Sources */ = {isa = PBXBuildFile; fileRef = 6AEA15422186943400862F46 /* Anatomy.swift */; };
/* End PBXBuildFile section */

/* Begin PBXContainerItemProxy section */
		6AEA15232186938E00862F46 /* PBXContainerItemProxy */ = {
			isa = PBXContainerItemProxy;
			containerPortal = 6AEA15062186938D00862F46 /* Project object */;
			proxyType = 1;
			remoteGlobalIDString = 6AEA150D2186938D00862F46;
			remoteInfo = Anatomy;
		};
		6AEA152E2186938E00862F46 /* PBXContainerItemProxy */ = {
			isa = PBXContainerItemProxy;
			containerPortal = 6AEA15062186938D00862F46 /* Project object */;
			proxyType = 1;
			remoteGlobalIDString = 6AEA150D2186938D00862F46;
			remoteInfo = Anatomy;
		};
/* End PBXContainerItemProxy section */

/* Begin PBXFileReference section */
		6AEA150E2186938D00862F46 /* Anatomy.app */ = {isa = PBXFileReference; explicitFileType = wrapper.application; includeInIndex = 0; path = Anatomy.app; sourceTree = BUILT_PRODUCTS_DIR; };
		6AEA15112186938D00862F46 /* AppDelegate.swift */ = {isa = PBXFileReference; lastKnownFileType = sourcecode.swift; path = AppDelegate.swift; sourceTree = "<group>"; };
		6AEA15132186938D00862F46 /* ViewController.swift */ = {isa = PBXFileReference; lastKnownFileType = sourcecode.swift; path = ViewController.swift; sourceTree = "<group>"; };
		6AEA15162186938D00862F46 /* Base */ = {isa = PBXFileReference; lastKnownFileType = file.storyboard; name = Base; path = Base.lproj/Main.storyboard; sourceTree = "<group>"; };
		6AEA15182186938E00862F46 /* Assets.xcassets */ = {isa = PBXFileReference; lastKnownFileType = folder.assetcatalog; path = Assets.xcassets; sourceTree = "<group>"; };
		6AEA151B2186938E00862F46 /* Base */ = {isa = PBXFileReference; lastKnownFileType = file.storyboard; name = Base; path = Base.lproj/LaunchScreen.storyboard; sourceTree = "<group>"; };
		6AEA151D2186938E00862F46 /* Info.plist */ = {isa = PBXFileReference; lastKnownFileType = text.plist.xml; path = Info.plist; sourceTree = "<group>"; };
		6AEA15222186938E00862F46 /* AnatomyTests.xctest */ = {isa = PBXFileReference; explicitFileType = wrapper.cfbundle; includeInIndex = 0; path = AnatomyTests.xctest; sourceTree = BUILT_PRODUCTS_DIR; };
		6AEA15262186938E00862F46 /* AnatomyTests.swift */ = {isa = PBXFileReference; lastKnownFileType = sourcecode.swift; path = AnatomyTests.swift; sourceTree = "<group>"; };
		6AEA15282186938E00862F46 /* Info.plist */ = {isa = PBXFileReference; lastKnownFileType = text.plist.xml; path = Info.plist; sourceTree = "<group>"; };
		6AEA152D2186938E00862F46 /* AnatomyUITests.xctest */ = {isa = PBXFileReference; explicitFileType = wrapper.cfbundle; includeInIndex = 0; path = AnatomyUITests.xctest; sourceTree = BUILT_PRODUCTS_DIR; };
		6AEA15312186938E00862F46 /* AnatomyUITests.swift */ = {isa = PBXFileReference; lastKnownFileType = sourcecode.swift; path = AnatomyUITests.swift; sourceTree = "<group>"; };
		6AEA15332186938E00862F46 /* Info.plist */ = {isa = PBXFileReference; lastKnownFileType = text.plist.xml; path = Info.plist; sourceTree = "<group>"; };
		6AEA15402186940800862F46 /* TypeAlias.swift */ = {isa = PBXFileReference; fileEncoding = 4; lastKnownFileType = sourcecode.swift; path = TypeAlias.swift; sourceTree = "<group>"; };
		6AEA15422186943400862F46 /* Anatomy.swift */ = {isa = PBXFileReference; lastKnownFileType = sourcecode.swift; path = Anatomy.swift; sourceTree = "<group>"; };
/* End PBXFileReference section */

/* Begin PBXFrameworksBuildPhase section */
		6AEA150B2186938D00862F46 /* Frameworks */ = {
			isa = PBXFrameworksBuildPhase;
			buildActionMask = 2147483647;
			files = (
			);
			runOnlyForDeploymentPostprocessing = 0;
		};
		6AEA151F2186938E00862F46 /* Frameworks */ = {
			isa = PBXFrameworksBuildPhase;
			buildActionMask = 2147483647;
			files = (
			);
			runOnlyForDeploymentPostprocessing = 0;
		};
		6AEA152A2186938E00862F46 /* Frameworks */ = {
			isa = PBXFrameworksBuildPhase;
			buildActionMask = 2147483647;
			files = (
			);
			runOnlyForDeploymentPostprocessing = 0;
		};
/* End PBXFrameworksBuildPhase section */

/* Begin PBXGroup section */
		6AEA15052186938D00862F46 = {
			isa = PBXGroup;
			children = (
				6AEA15102186938D00862F46 /* Anatomy */,
				6AEA15252186938E00862F46 /* AnatomyTests */,
				6AEA15302186938E00862F46 /* AnatomyUITests */,
				6AEA150F2186938D00862F46 /* Products */,
			);
			sourceTree = "<group>";
		};
		6AEA150F2186938D00862F46 /* Products */ = {
			isa = PBXGroup;
			children = (
				6AEA150E2186938D00862F46 /* Anatomy.app */,
				6AEA15222186938E00862F46 /* AnatomyTests.xctest */,
				6AEA152D2186938E00862F46 /* AnatomyUITests.xctest */,
			);
			name = Products;
			sourceTree = "<group>";
		};
		6AEA15102186938D00862F46 /* Anatomy */ = {
			isa = PBXGroup;
			children = (
				6AEA153F218693E500862F46 /* Anatomy */,
				6AEA15112186938D00862F46 /* AppDelegate.swift */,
				6AEA15132186938D00862F46 /* ViewController.swift */,
				6AEA15152186938D00862F46 /* Main.storyboard */,
				6AEA15182186938E00862F46 /* Assets.xcassets */,
				6AEA151A2186938E00862F46 /* LaunchScreen.storyboard */,
				6AEA151D2186938E00862F46 /* Info.plist */,
			);
			path = Anatomy;
			sourceTree = "<group>";
		};
		6AEA15252186938E00862F46 /* AnatomyTests */ = {
			isa = PBXGroup;
			children = (
				6AEA15262186938E00862F46 /* AnatomyTests.swift */,
				6AEA15282186938E00862F46 /* Info.plist */,
			);
			path = AnatomyTests;
			sourceTree = "<group>";
		};
		6AEA15302186938E00862F46 /* AnatomyUITests */ = {
			isa = PBXGroup;
			children = (
				6AEA15312186938E00862F46 /* AnatomyUITests.swift */,
				6AEA15332186938E00862F46 /* Info.plist */,
			);
			path = AnatomyUITests;
			sourceTree = "<group>";
		};
		6AEA153F218693E500862F46 /* Anatomy */ = {
			isa = PBXGroup;
			children = (
				6AEA15402186940800862F46 /* TypeAlias.swift */,
				6AEA15422186943400862F46 /* Anatomy.swift */,
			);
			path = Anatomy;
			sourceTree = "<group>";
		};
/* End PBXGroup section */

/* Begin PBXNativeTarget section */
		6AEA150D2186938D00862F46 /* Anatomy */ = {
			isa = PBXNativeTarget;
			buildConfigurationList = 6AEA15362186938E00862F46 /* Build configuration list for PBXNativeTarget "Anatomy" */;
			buildPhases = (
				6AEA150A2186938D00862F46 /* Sources */,
				6AEA150B2186938D00862F46 /* Frameworks */,
				6AEA150C2186938D00862F46 /* Resources */,
			);
			buildRules = (
			);
			dependencies = (
			);
			name = Anatomy;
			productName = Anatomy;
			productReference = 6AEA150E2186938D00862F46 /* Anatomy.app */;
			productType = "com.apple.product-type.application";
		};
		6AEA15212186938E00862F46 /* AnatomyTests */ = {
			isa = PBXNativeTarget;
			buildConfigurationList = 6AEA15392186938E00862F46 /* Build configuration list for PBXNativeTarget "AnatomyTests" */;
			buildPhases = (
				6AEA151E2186938E00862F46 /* Sources */,
				6AEA151F2186938E00862F46 /* Frameworks */,
				6AEA15202186938E00862F46 /* Resources */,
			);
			buildRules = (
			);
			dependencies = (
				6AEA15242186938E00862F46 /* PBXTargetDependency */,
			);
			name = AnatomyTests;
			productName = AnatomyTests;
			productReference = 6AEA15222186938E00862F46 /* AnatomyTests.xctest */;
			productType = "com.apple.product-type.bundle.unit-test";
		};
		6AEA152C2186938E00862F46 /* AnatomyUITests */ = {
			isa = PBXNativeTarget;
			buildConfigurationList = 6AEA153C2186938E00862F46 /* Build configuration list for PBXNativeTarget "AnatomyUITests" */;
			buildPhases = (
				6AEA15292186938E00862F46 /* Sources */,
				6AEA152A2186938E00862F46 /* Frameworks */,
				6AEA152B2186938E00862F46 /* Resources */,
			);
			buildRules = (
			);
			dependencies = (
				6AEA152F2186938E00862F46 /* PBXTargetDependency */,
			);
			name = AnatomyUITests;
			productName = AnatomyUITests;
			productReference = 6AEA152D2186938E00862F46 /* AnatomyUITests.xctest */;
			productType = "com.apple.product-type.bundle.ui-testing";
		};
/* End PBXNativeTarget section */

/* Begin PBXProject section */
		6AEA15062186938D00862F46 /* Project object */ = {
			isa = PBXProject;
			attributes = {
				LastSwiftUpdateCheck = 1000;
				LastUpgradeCheck = 1000;
				ORGANIZATIONNAME = mozhe;
				TargetAttributes = {
					6AEA150D2186938D00862F46 = {
						CreatedOnToolsVersion = 10.0;
					};
					6AEA15212186938E00862F46 = {
						CreatedOnToolsVersion = 10.0;
						TestTargetID = 6AEA150D2186938D00862F46;
					};
					6AEA152C2186938E00862F46 = {
						CreatedOnToolsVersion = 10.0;
						TestTargetID = 6AEA150D2186938D00862F46;
					};
				};
			};
			buildConfigurationList = 6AEA15092186938D00862F46 /* Build configuration list for PBXProject "Anatomy" */;
			compatibilityVersion = "Xcode 9.3";
			developmentRegion = en;
			hasScannedForEncodings = 0;
			knownRegions = (
				en,
				Base,
			);
			mainGroup = 6AEA15052186938D00862F46;
			productRefGroup = 6AEA150F2186938D00862F46 /* Products */;
			projectDirPath = "";
			projectRoot = "";
			targets = (
				6AEA150D2186938D00862F46 /* Anatomy */,
				6AEA15212186938E00862F46 /* AnatomyTests */,
				6AEA152C2186938E00862F46 /* AnatomyUITests */,
			);
		};
/* End PBXProject section */

/* Begin PBXResourcesBuildPhase section */
		6AEA150C2186938D00862F46 /* Resources */ = {
			isa = PBXResourcesBuildPhase;
			buildActionMask = 2147483647;
			files = (
				6AEA151C2186938E00862F46 /* LaunchScreen.storyboard in Resources */,
				6AEA15192186938E00862F46 /* Assets.xcassets in Resources */,
				6AEA15172186938D00862F46 /* Main.storyboard in Resources */,
			);
			runOnlyForDeploymentPostprocessing = 0;
		};
		6AEA15202186938E00862F46 /* Resources */ = {
			isa = PBXResourcesBuildPhase;
			buildActionMask = 2147483647;
			files = (
			);
			runOnlyForDeploymentPostprocessing = 0;
		};
		6AEA152B2186938E00862F46 /* Resources */ = {
			isa = PBXResourcesBuildPhase;
			buildActionMask = 2147483647;
			files = (
			);
			runOnlyForDeploymentPostprocessing = 0;
		};
/* End PBXResourcesBuildPhase section */

/* Begin PBXSourcesBuildPhase section */
		6AEA150A2186938D00862F46 /* Sources */ = {
			isa = PBXSourcesBuildPhase;
			buildActionMask = 2147483647;
			files = (
				6AEA15412186940800862F46 /* TypeAlias.swift in Sources */,
				6AEA15432186943400862F46 /* Anatomy.swift in Sources */,
				6AEA15142186938D00862F46 /* ViewController.swift in Sources */,
				6AEA15122186938D00862F46 /* AppDelegate.swift in Sources */,
			);
			runOnlyForDeploymentPostprocessing = 0;
		};
		6AEA151E2186938E00862F46 /* Sources */ = {
			isa = PBXSourcesBuildPhase;
			buildActionMask = 2147483647;
			files = (
				6AEA15272186938E00862F46 /* AnatomyTests.swift in Sources */,
			);
			runOnlyForDeploymentPostprocessing = 0;
		};
		6AEA15292186938E00862F46 /* Sources */ = {
			isa = PBXSourcesBuildPhase;
			buildActionMask = 2147483647;
			files = (
				6AEA15322186938E00862F46 /* AnatomyUITests.swift in Sources */,
			);
			runOnlyForDeploymentPostprocessing = 0;
		};
/* End PBXSourcesBuildPhase section */

/* Begin PBXTargetDependency section */
		6AEA15242186938E00862F46 /* PBXTargetDependency */ = {
			isa = PBXTargetDependency;
			target = 6AEA150D2186938D00862F46 /* Anatomy */;
			targetProxy = 6AEA15232186938E00862F46 /* PBXContainerItemProxy */;
		};
		6AEA152F2186938E00862F46 /* PBXTargetDependency */ = {
			isa = PBXTargetDependency;
			target = 6AEA150D2186938D00862F46 /* Anatomy */;
			targetProxy = 6AEA152E2186938E00862F46 /* PBXContainerItemProxy */;
		};
/* End PBXTargetDependency section */

/* Begin PBXVariantGroup section */
		6AEA15152186938D00862F46 /* Main.storyboard */ = {
			isa = PBXVariantGroup;
			children = (
				6AEA15162186938D00862F46 /* Base */,
			);
			name = Main.storyboard;
			sourceTree = "<group>";
		};
		6AEA151A2186938E00862F46 /* LaunchScreen.storyboard */ = {
			isa = PBXVariantGroup;
			children = (
				6AEA151B2186938E00862F46 /* Base */,
			);
			name = LaunchScreen.storyboard;
			sourceTree = "<group>";
		};
/* End PBXVariantGroup section */

/* Begin XCBuildConfiguration section */
		6AEA15342186938E00862F46 /* Debug */ = {
			isa = XCBuildConfiguration;
			buildSettings = {
				ALWAYS_SEARCH_USER_PATHS = NO;
				CLANG_ANALYZER_NONNULL = YES;
				CLANG_ANALYZER_NUMBER_OBJECT_CONVERSION = YES_AGGRESSIVE;
				CLANG_CXX_LANGUAGE_STANDARD = "gnu++14";
				CLANG_CXX_LIBRARY = "libc++";
				CLANG_ENABLE_MODULES = YES;
				CLANG_ENABLE_OBJC_ARC = YES;
				CLANG_ENABLE_OBJC_WEAK = YES;
				CLANG_WARN_BLOCK_CAPTURE_AUTORELEASING = YES;
				CLANG_WARN_BOOL_CONVERSION = YES;
				CLANG_WARN_COMMA = YES;
				CLANG_WARN_CONSTANT_CONVERSION = YES;
				CLANG_WARN_DEPRECATED_OBJC_IMPLEMENTATIONS = YES;
				CLANG_WARN_DIRECT_OBJC_ISA_USAGE = YES_ERROR;
				CLANG_WARN_DOCUMENTATION_COMMENTS = YES;
				CLANG_WARN_EMPTY_BODY = YES;
				CLANG_WARN_ENUM_CONVERSION = YES;
				CLANG_WARN_INFINITE_RECURSION = YES;
				CLANG_WARN_INT_CONVERSION = YES;
				CLANG_WARN_NON_LITERAL_NULL_CONVERSION = YES;
				CLANG_WARN_OBJC_IMPLICIT_RETAIN_SELF = YES;
				CLANG_WARN_OBJC_LITERAL_CONVERSION = YES;
				CLANG_WARN_OBJC_ROOT_CLASS = YES_ERROR;
				CLANG_WARN_RANGE_LOOP_ANALYSIS = YES;
				CLANG_WARN_STRICT_PROTOTYPES = YES;
				CLANG_WARN_SUSPICIOUS_MOVE = YES;
				CLANG_WARN_UNGUARDED_AVAILABILITY = YES_AGGRESSIVE;
				CLANG_WARN_UNREACHABLE_CODE = YES;
				CLANG_WARN__DUPLICATE_METHOD_MATCH = YES;
				CODE_SIGN_IDENTITY = "iPhone Developer";
				COPY_PHASE_STRIP = NO;
				DEBUG_INFORMATION_FORMAT = dwarf;
				ENABLE_STRICT_OBJC_MSGSEND = YES;
				ENABLE_TESTABILITY = YES;
				GCC_C_LANGUAGE_STANDARD = gnu11;
				GCC_DYNAMIC_NO_PIC = NO;
				GCC_NO_COMMON_BLOCKS = YES;
				GCC_OPTIMIZATION_LEVEL = 0;
				GCC_PREPROCESSOR_DEFINITIONS = (
					"DEBUG=1",
					"$(inherited)",
				);
				GCC_WARN_64_TO_32_BIT_CONVERSION = YES;
				GCC_WARN_ABOUT_RETURN_TYPE = YES_ERROR;
				GCC_WARN_UNDECLARED_SELECTOR = YES;
				GCC_WARN_UNINITIALIZED_AUTOS = YES_AGGRESSIVE;
				GCC_WARN_UNUSED_FUNCTION = YES;
				GCC_WARN_UNUSED_VARIABLE = YES;
				IPHONEOS_DEPLOYMENT_TARGET = 12.0;
				MTL_ENABLE_DEBUG_INFO = INCLUDE_SOURCE;
				MTL_FAST_MATH = YES;
				ONLY_ACTIVE_ARCH = YES;
				SDKROOT = iphoneos;
				SWIFT_ACTIVE_COMPILATION_CONDITIONS = DEBUG;
				SWIFT_OPTIMIZATION_LEVEL = "-Onone";
			};
			name = Debug;
		};
		6AEA15352186938E00862F46 /* Release */ = {
			isa = XCBuildConfiguration;
			buildSettings = {
				ALWAYS_SEARCH_USER_PATHS = NO;
				CLANG_ANALYZER_NONNULL = YES;
				CLANG_ANALYZER_NUMBER_OBJECT_CONVERSION = YES_AGGRESSIVE;
				CLANG_CXX_LANGUAGE_STANDARD = "gnu++14";
				CLANG_CXX_LIBRARY = "libc++";
				CLANG_ENABLE_MODULES = YES;
				CLANG_ENABLE_OBJC_ARC = YES;
				CLANG_ENABLE_OBJC_WEAK = YES;
				CLANG_WARN_BLOCK_CAPTURE_AUTORELEASING = YES;
				CLANG_WARN_BOOL_CONVERSION = YES;
				CLANG_WARN_COMMA = YES;
				CLANG_WARN_CONSTANT_CONVERSION = YES;
				CLANG_WARN_DEPRECATED_OBJC_IMPLEMENTATIONS = YES;
				CLANG_WARN_DIRECT_OBJC_ISA_USAGE = YES_ERROR;
				CLANG_WARN_DOCUMENTATION_COMMENTS = YES;
				CLANG_WARN_EMPTY_BODY = YES;
				CLANG_WARN_ENUM_CONVERSION = YES;
				CLANG_WARN_INFINITE_RECURSION = YES;
				CLANG_WARN_INT_CONVERSION = YES;
				CLANG_WARN_NON_LITERAL_NULL_CONVERSION = YES;
				CLANG_WARN_OBJC_IMPLICIT_RETAIN_SELF = YES;
				CLANG_WARN_OBJC_LITERAL_CONVERSION = YES;
				CLANG_WARN_OBJC_ROOT_CLASS = YES_ERROR;
				CLANG_WARN_RANGE_LOOP_ANALYSIS = YES;
				CLANG_WARN_STRICT_PROTOTYPES = YES;
				CLANG_WARN_SUSPICIOUS_MOVE = YES;
				CLANG_WARN_UNGUARDED_AVAILABILITY = YES_AGGRESSIVE;
				CLANG_WARN_UNREACHABLE_CODE = YES;
				CLANG_WARN__DUPLICATE_METHOD_MATCH = YES;
				CODE_SIGN_IDENTITY = "iPhone Developer";
				COPY_PHASE_STRIP = NO;
				DEBUG_INFORMATION_FORMAT = "dwarf-with-dsym";
				ENABLE_NS_ASSERTIONS = NO;
				ENABLE_STRICT_OBJC_MSGSEND = YES;
				GCC_C_LANGUAGE_STANDARD = gnu11;
				GCC_NO_COMMON_BLOCKS = YES;
				GCC_WARN_64_TO_32_BIT_CONVERSION = YES;
				GCC_WARN_ABOUT_RETURN_TYPE = YES_ERROR;
				GCC_WARN_UNDECLARED_SELECTOR = YES;
				GCC_WARN_UNINITIALIZED_AUTOS = YES_AGGRESSIVE;
				GCC_WARN_UNUSED_FUNCTION = YES;
				GCC_WARN_UNUSED_VARIABLE = YES;
				IPHONEOS_DEPLOYMENT_TARGET = 12.0;
				MTL_ENABLE_DEBUG_INFO = NO;
				MTL_FAST_MATH = YES;
				SDKROOT = iphoneos;
				SWIFT_COMPILATION_MODE = wholemodule;
				SWIFT_OPTIMIZATION_LEVEL = "-O";
				VALIDATE_PRODUCT = YES;
			};
			name = Release;
		};
		6AEA15372186938E00862F46 /* Debug */ = {
			isa = XCBuildConfiguration;
			buildSettings = {
				ASSETCATALOG_COMPILER_APPICON_NAME = AppIcon;
				CODE_SIGN_STYLE = Automatic;
				DEVELOPMENT_TEAM = GCGDX86T5G;
				INFOPLIST_FILE = Anatomy/Info.plist;
				IPHONEOS_DEPLOYMENT_TARGET = 10.0;
				LD_RUNPATH_SEARCH_PATHS = (
					"$(inherited)",
					"@executable_path/Frameworks",
				);
				PRODUCT_BUNDLE_IDENTIFIER = com.mozheanquan.Anatomy;
				PRODUCT_NAME = "$(TARGET_NAME)";
				SWIFT_VERSION = 4.2;
				TARGETED_DEVICE_FAMILY = "1,2";
			};
			name = Debug;
		};
		6AEA15382186938E00862F46 /* Release */ = {
			isa = XCBuildConfiguration;
			buildSettings = {
				ASSETCATALOG_COMPILER_APPICON_NAME = AppIcon;
				CODE_SIGN_STYLE = Automatic;
				DEVELOPMENT_TEAM = GCGDX86T5G;
				INFOPLIST_FILE = Anatomy/Info.plist;
				IPHONEOS_DEPLOYMENT_TARGET = 10.0;
				LD_RUNPATH_SEARCH_PATHS = (
					"$(inherited)",
					"@executable_path/Frameworks",
				);
				PRODUCT_BUNDLE_IDENTIFIER = com.mozheanquan.Anatomy;
				PRODUCT_NAME = "$(TARGET_NAME)";
				SWIFT_VERSION = 4.2;
				TARGETED_DEVICE_FAMILY = "1,2";
			};
			name = Release;
		};
		6AEA153A2186938E00862F46 /* Debug */ = {
			isa = XCBuildConfiguration;
			buildSettings = {
				ALWAYS_EMBED_SWIFT_STANDARD_LIBRARIES = YES;
				BUNDLE_LOADER = "$(TEST_HOST)";
				CODE_SIGN_STYLE = Automatic;
				DEVELOPMENT_TEAM = GCGDX86T5G;
				INFOPLIST_FILE = AnatomyTests/Info.plist;
				LD_RUNPATH_SEARCH_PATHS = (
					"$(inherited)",
					"@executable_path/Frameworks",
					"@loader_path/Frameworks",
				);
				PRODUCT_BUNDLE_IDENTIFIER = com.mozheanquan.AnatomyTests;
				PRODUCT_NAME = "$(TARGET_NAME)";
				SWIFT_VERSION = 4.2;
				TARGETED_DEVICE_FAMILY = "1,2";
				TEST_HOST = "$(BUILT_PRODUCTS_DIR)/Anatomy.app/Anatomy";
			};
			name = Debug;
		};
		6AEA153B2186938E00862F46 /* Release */ = {
			isa = XCBuildConfiguration;
			buildSettings = {
				ALWAYS_EMBED_SWIFT_STANDARD_LIBRARIES = YES;
				BUNDLE_LOADER = "$(TEST_HOST)";
				CODE_SIGN_STYLE = Automatic;
				DEVELOPMENT_TEAM = GCGDX86T5G;
				INFOPLIST_FILE = AnatomyTests/Info.plist;
				LD_RUNPATH_SEARCH_PATHS = (
					"$(inherited)",
					"@executable_path/Frameworks",
					"@loader_path/Frameworks",
				);
				PRODUCT_BUNDLE_IDENTIFIER = com.mozheanquan.AnatomyTests;
				PRODUCT_NAME = "$(TARGET_NAME)";
				SWIFT_VERSION = 4.2;
				TARGETED_DEVICE_FAMILY = "1,2";
				TEST_HOST = "$(BUILT_PRODUCTS_DIR)/Anatomy.app/Anatomy";
			};
			name = Release;
		};
		6AEA153D2186938E00862F46 /* Debug */ = {
			isa = XCBuildConfiguration;
			buildSettings = {
				ALWAYS_EMBED_SWIFT_STANDARD_LIBRARIES = YES;
				CODE_SIGN_STYLE = Automatic;
				DEVELOPMENT_TEAM = GCGDX86T5G;
				INFOPLIST_FILE = AnatomyUITests/Info.plist;
				LD_RUNPATH_SEARCH_PATHS = (
					"$(inherited)",
					"@executable_path/Frameworks",
					"@loader_path/Frameworks",
				);
				PRODUCT_BUNDLE_IDENTIFIER = com.mozheanquan.AnatomyUITests;
				PRODUCT_NAME = "$(TARGET_NAME)";
				SWIFT_VERSION = 4.2;
				TARGETED_DEVICE_FAMILY = "1,2";
				TEST_TARGET_NAME = Anatomy;
			};
			name = Debug;
		};
		6AEA153E2186938E00862F46 /* Release */ = {
			isa = XCBuildConfiguration;
			buildSettings = {
				ALWAYS_EMBED_SWIFT_STANDARD_LIBRARIES = YES;
				CODE_SIGN_STYLE = Automatic;
				DEVELOPMENT_TEAM = GCGDX86T5G;
				INFOPLIST_FILE = AnatomyUITests/Info.plist;
				LD_RUNPATH_SEARCH_PATHS = (
					"$(inherited)",
					"@executable_path/Frameworks",
					"@loader_path/Frameworks",
				);
				PRODUCT_BUNDLE_IDENTIFIER = com.mozheanquan.AnatomyUITests;
				PRODUCT_NAME = "$(TARGET_NAME)";
				SWIFT_VERSION = 4.2;
				TARGETED_DEVICE_FAMILY = "1,2";
				TEST_TARGET_NAME = Anatomy;
			};
			name = Release;
		};
/* End XCBuildConfiguration section */

/* Begin XCConfigurationList section */
		6AEA15092186938D00862F46 /* Build configuration list for PBXProject "Anatomy" */ = {
			isa = XCConfigurationList;
			buildConfigurations = (
				6AEA15342186938E00862F46 /* Debug */,
				6AEA15352186938E00862F46 /* Release */,
			);
			defaultConfigurationIsVisible = 0;
			defaultConfigurationName = Release;
		};
		6AEA15362186938E00862F46 /* Build configuration list for PBXNativeTarget "Anatomy" */ = {
			isa = XCConfigurationList;
			buildConfigurations = (
				6AEA15372186938E00862F46 /* Debug */,
				6AEA15382186938E00862F46 /* Release */,
			);
			defaultConfigurationIsVisible = 0;
			defaultConfigurationName = Release;
		};
		6AEA15392186938E00862F46 /* Build configuration list for PBXNativeTarget "AnatomyTests" */ = {
			isa = XCConfigurationList;
			buildConfigurations = (
				6AEA153A2186938E00862F46 /* Debug */,
				6AEA153B2186938E00862F46 /* Release */,
			);
			defaultConfigurationIsVisible = 0;
			defaultConfigurationName = Release;
		};
		6AEA153C2186938E00862F46 /* Build configuration list for PBXNativeTarget "AnatomyUITests" */ = {
			isa = XCConfigurationList;
			buildConfigurations = (
				6AEA153D2186938E00862F46 /* Debug */,
				6AEA153E2186938E00862F46 /* Release */,
			);
			defaultConfigurationIsVisible = 0;
			defaultConfigurationName = Release;
		};
/* End XCConfigurationList section */
	};
	rootObject = 6AEA15062186938D00862F46 /* Project object */;
}
